
Microsoft Visual Studio Solution File, Format Version 12.00
# Visual Studio Version 16
VisualStudioVersion = 16.0.29411.108
MinimumVisualStudioVersion = 10.0.40219.1
Project("{FAE04EC0-301F-11D3-BF4B-00C04F79EFBC}") = "Tennis", "Tennis\Tennis.csproj", "{4485010B-5CB4-4300-8735-D36AF3430330}"
EndProject
Project("{FAE04EC0-301F-11D3-BF4B-00C04F79EFBC}") = "Tennis.Tests", "Tennis.Tests\Tennis.Tests.csproj", "{7C81CFB2-BAC1-4B78-8D9F-100CA289444D}"
EndProject
Global
	GlobalSection(SolutionConfigurationPlatforms) = preSolution
		Debug|Any CPU = Debug|Any CPU
		Release|Any CPU = Release|Any CPU
	EndGlobalSection
	GlobalSection(ProjectConfigurationPlatforms) = postSolution
		{4485010B-5CB4-4300-8735-D36AF3430330}.Debug|Any CPU.ActiveCfg = Debug|Any CPU
		{4485010B-5CB4-4300-8735-D36AF3430330}.Debug|Any CPU.Build.0 = Debug|Any CPU
		{4485010B-5CB4-4300-8735-D36AF3430330}.Release|Any CPU.ActiveCfg = Release|Any CPU
		{4485010B-5CB4-4300-8735-D36AF3430330}.Release|Any CPU.Build.0 = Release|Any CPU
		{7C81CFB2-BAC1-4B78-8D9F-100CA289444D}.Debug|Any CPU.ActiveCfg = Debug|Any CPU
		{7C81CFB2-BAC1-4B78-8D9F-100CA289444D}.Debug|Any CPU.Build.0 = Debug|Any CPU
		{7C81CFB2-BAC1-4B78-8D9F-100CA289444D}.Release|Any CPU.ActiveCfg = Release|Any CPU
		{7C81CFB2-BAC1-4B78-8D9F-100CA289444D}.Release|Any CPU.Build.0 = Release|Any CPU
	EndGlobalSection
	GlobalSection(SolutionProperties) = preSolution
		HideSolutionNode = FALSE
	EndGlobalSection
	GlobalSection(ExtensibilityGlobals) = postSolution
		SolutionGuid = {1154802F-8735-4360-947A-5267AF1E5755}
	EndGlobalSection
EndGlobal
